version = 1
requires-python = ">=3.11"

[[package]]
name = "agronexus"
version = "1.0.0"
source = { editable = "." }
dependencies = [
  { name = "fastapi" },
  { name = "uvicorn" },
  { name = "pydantic" },
  { name = "openai" },
  { name = "pyyaml" },
  { name = "requests" },
  { name = "aiofiles" },
  { name = "openenv-core" },
]

[[package]]
name = "openenv-core"
version = "0.2.0"
source = { git = "https://github.com/openenv/openenv-core.git" }
